{
    "_readme": [
        "This file locks the dependencies of your project to a known state",
        "Read more about it at https://getcomposer.org/doc/01-basic-usage.md#installing-dependencies",
        "This file is @generated automatically"
    ],
    "content-hash": "717fc709ad22e6b7ab6a4cd1d13b12f5",
    "packages": [
        {
            "name": "clue/socket-raw",
            "version": "v1.4.1",
            "source": {
                "type": "git",
                "url": "https://github.com/clue/php-socket-raw.git",
                "reference": "00ab102d061f6cdb895e79dd4d69140c7bda31cc"
            },
            "dist": {
                "type": "zip",
                "url": "https://api.github.com/repos/clue/php-socket-raw/zipball/00ab102d061f6cdb895e79dd4d69140c7bda31cc",
                "reference": "00ab102d061f6cdb895e79dd4d69140c7bda31cc",
                "shasum": ""
            },
            "require": {
                "ext-sockets": "*",
                "php": ">=5.3"
            },
            "require-dev": {
                "phpunit/phpunit": "^7.0 || ^6.0 || ^5.2 || ^4.8.35"
            },
            "type": "library",
            "autoload": {
                "psr-4": {
                    "Socket\\Raw\\": "src"
                }
            },
            "notification-url": "https://packagist.org/downloads/",
            "license": [
                "MIT"
            ],
            "authors": [
                {
                    "name": "Christian Lück",
                    "email": "christian@clue.engineering"
                }
            ],
            "description": "Simple and lightweight OOP wrapper for PHP's low-level sockets extension (ext-sockets)",
            "homepage": "https://github.com/clue/php-socket-raw",
            "keywords": [
                "Socket",
                "client",
                "datagram",
                "dgram",
                "icmp",
                "ipv6",
                "server",
                "stream",
                "tcp",
                "udg",
                "udp",
                "unix"
            ],
            "time": "2019-10-28T12:32:07+00:00"
        },
        {
            "name": "nesk/puphpeteer",
            "version": "dev-zoon",
            "source": {
                "type": "git",
                "url": "https://github.com/zoonru/puphpeteer.git",
                "reference": "ad8bbed1080eed1ee56fc3a33411979a591fda76"
            },
            "dist": {
                "type": "zip",
                "url": "https://api.github.com/repos/zoonru/puphpeteer/zipball/ad8bbed1080eed1ee56fc3a33411979a591fda76",
                "reference": "ad8bbed1080eed1ee56fc3a33411979a591fda76",
                "shasum": ""
            },
            "require": {
                "nesk/rialto": "^1.2.0",
                "php": ">=7.1",
                "psr/log": "^1.0",
                "vierbergenlars/php-semver": "^3.0.2"
            },
            "require-dev": {
                "monolog/monolog": "^1.23",
                "phpunit/phpunit": "^6.5|^7.0",
                "symfony/process": "^4.0|^5.0"
            },
            "type": "library",
            "autoload": {
                "psr-4": {
                    "Nesk\\Puphpeteer\\": "src/"
                }
            },
            "autoload-dev": {
                "psr-4": {
                    "Nesk\\Puphpeteer\\Tests\\": "tests/"
                }
            },
            "scripts": {
                "post-install-cmd": [
                    "npm install"
                ],
                "test": [
                    "./vendor/bin/phpunit"
                ]
            },
            "license": [
                "MIT"
            ],
            "authors": [
                {
                    "name": "Johann Pardanaud",
                    "email": "pardanaud.j@gmail.com"
                }
            ],
            "description": "A Puppeteer bridge for PHP, supporting the entire API.",
            "keywords": [
                "automation",
                "developer-tools",
                "headless-chrome",
                "php",
                "puppeteer",
                "testing",
                "web"
            ],
            "support": {
                "source": "https://github.com/zoonru/puphpeteer/tree/zoon"
            },
            "time": "2020-10-12T15:42:20+00:00"
        },
        {
            "name": "nesk/rialto",
            "version": "1.4.0",
            "source": {
                "type": "git",
                "url": "https://github.com/nesk/rialto.git",
                "reference": "a3db615d845cca42135fa1e271b323ffe904b83c"
            },
            "dist": {
                "type": "zip",
                "url": "https://api.github.com/repos/nesk/rialto/zipball/a3db615d845cca42135fa1e271b323ffe904b83c",
                "reference": "a3db615d845cca42135fa1e271b323ffe904b83c",
                "shasum": ""
            },
            "require": {
                "clue/socket-raw": "^1.2",
                "php": ">=7.1",
                "psr/log": "^1.0",
                "symfony/process": "^3.3|^4.0|^5.0"
            },
            "require-dev": {
                "codedungeon/phpunit-result-printer": ">=0.6 <1.0",
                "monolog/monolog": "^1.23",
                "phpunit/phpunit": "^6.5|^7.0"
            },
            "suggest": {
                "ext-weakref": "Required to run all the tests"
            },
            "type": "library",
            "autoload": {
                "psr-4": {
                    "Nesk\\Rialto\\": "src/"
                }
            },
            "notification-url": "https://packagist.org/downloads/",
            "license": [
                "MIT"
            ],
            "authors": [
                {
                    "name": "Johann Pardanaud",
                    "email": "pardanaud.j@gmail.com"
                }
            ],
            "description": "Manage Node resources from PHP",
            "keywords": [
                "Bridge",
                "Socket",
                "communication",
                "node",
                "php",
                "wrapper"
            ],
            "time": "2020-04-12T13:11:08+00:00"
        },
        {
            "name": "psr/log",
            "version": "dev-master",
            "source": {
                "type": "git",
                "url": "https://github.com/php-fig/log.git",
                "reference": "dd738d0b4491f32725492cf345f6b501f5922fec"
            },
            "dist": {
                "type": "zip",
                "url": "https://api.github.com/repos/php-fig/log/zipball/dd738d0b4491f32725492cf345f6b501f5922fec",
                "reference": "dd738d0b4491f32725492cf345f6b501f5922fec",
                "shasum": ""
            },
            "require": {
                "php": ">=5.3.0"
            },
            "type": "library",
            "extra": {
                "branch-alias": {
                    "dev-master": "1.1.x-dev"
                }
            },
            "autoload": {
                "psr-4": {
                    "Psr\\Log\\": "Psr/Log/"
                }
            },
            "notification-url": "https://packagist.org/downloads/",
            "license": [
                "MIT"
            ],
            "authors": [
                {
                    "name": "PHP-FIG",
                    "homepage": "https://www.php-fig.org/"
                }
            ],
            "description": "Common interface for logging libraries",
            "homepage": "https://github.com/php-fig/log",
            "keywords": [
                "log",
                "psr",
                "psr-3"
            ],
            "time": "2020-09-18T06:44:51+00:00"
        },
        {
            "name": "symfony/polyfill-php80",
            "version": "dev-main",
            "source": {
                "type": "git",
                "url": "https://github.com/symfony/polyfill-php80.git",
                "reference": "5c497cbab7308b62d18210f29ac39673eba75f9a"
            },
            "dist": {
                "type": "zip",
                "url": "https://api.github.com/repos/symfony/polyfill-php80/zipball/5c497cbab7308b62d18210f29ac39673eba75f9a",
                "reference": "5c497cbab7308b62d18210f29ac39673eba75f9a",
                "shasum": ""
            },
            "require": {
                "php": ">=7.0.8"
            },
            "type": "library",
            "extra": {
                "branch-alias": {
                    "dev-main": "1.19-dev"
                },
                "thanks": {
                    "name": "symfony/polyfill",
                    "url": "https://github.com/symfony/polyfill"
                }
            },
            "autoload": {
                "psr-4": {
                    "Symfony\\Polyfill\\Php80\\": ""
                },
                "files": [
                    "bootstrap.php"
                ],
                "classmap": [
                    "Resources/stubs"
                ]
            },
            "notification-url": "https://packagist.org/downloads/",
            "license": [
                "MIT"
            ],
            "authors": [
                {
                    "name": "Ion Bazan",
                    "email": "ion.bazan@gmail.com"
                },
                {
                    "name": "Nicolas Grekas",
                    "email": "p@tchwork.com"
                },
                {
                    "name": "Symfony Community",
                    "homepage": "https://symfony.com/contributors"
                }
            ],
            "description": "Symfony polyfill backporting some PHP 8.0+ features to lower PHP versions",
            "homepage": "https://symfony.com",
            "keywords": [
                "compatibility",
                "polyfill",
                "portable",
                "shim"
            ],
            "funding": [
                {
                    "url": "https://symfony.com/sponsor",
                    "type": "custom"
                },
                {
                    "url": "https://github.com/fabpot",
                    "type": "github"
                },
                {
                    "url": "https://tidelift.com/funding/github/packagist/symfony/symfony",
                    "type": "tidelift"
                }
            ],
            "time": "2020-10-21T09:57:48+00:00"
        },
        {
            "name": "symfony/process",
            "version": "5.x-dev",
            "source": {
                "type": "git",
                "url": "https://github.com/symfony/process.git",
                "reference": "f3957bcc7ec492baf22812c48e7cccf152491770"
            },
            "dist": {
                "type": "zip",
                "url": "https://api.github.com/repos/symfony/process/zipball/f3957bcc7ec492baf22812c48e7cccf152491770",
                "reference": "f3957bcc7ec492baf22812c48e7cccf152491770",
                "shasum": ""
            },
            "require": {
                "php": ">=7.2.5",
                "symfony/polyfill-php80": "^1.15"
            },
            "type": "library",
            "extra": {
                "branch-version": "5.2"
            },
            "autoload": {
                "psr-4": {
                    "Symfony\\Component\\Process\\": ""
                },
                "exclude-from-classmap": [
                    "/Tests/"
                ]
            },
            "notification-url": "https://packagist.org/downloads/",
            "license": [
                "MIT"
            ],
            "authors": [
                {
                    "name": "Fabien Potencier",
                    "email": "fabien@symfony.com"
                },
                {
                    "name": "Symfony Community",
                    "homepage": "https://symfony.com/contributors"
                }
            ],
            "description": "Symfony Process Component",
            "homepage": "https://symfony.com",
            "funding": [
                {
                    "url": "https://symfony.com/sponsor",
                    "type": "custom"
                },
                {
                    "url": "https://github.com/fabpot",
                    "type": "github"
                },
                {
                    "url": "https://tidelift.com/funding/github/packagist/symfony/symfony",
                    "type": "tidelift"
                }
            ],
            "time": "2020-10-13T13:22:54+00:00"
        },
        {
            "name": "vierbergenlars/php-semver",
            "version": "3.0.2",
            "source": {
                "type": "git",
                "url": "https://github.com/vierbergenlars/php-semver.git",
                "reference": "be22b86be4c1133acc42fd1685276792024af5f9"
            },
            "dist": {
                "type": "zip",
                "url": "https://api.github.com/repos/vierbergenlars/php-semver/zipball/be22b86be4c1133acc42fd1685276792024af5f9",
                "reference": "be22b86be4c1133acc42fd1685276792024af5f9",
                "shasum": ""
            },
            "require": {
                "php": ">=5.3.0"
            },
            "require-dev": {
                "phpunit/phpunit": "~4"
            },
            "bin": [
                "bin/semver",
                "bin/update-versions"
            ],
            "type": "library",
            "autoload": {
                "psr-0": {
                    "vierbergenlars\\SemVer\\": "src/",
                    "vierbergenlars\\LibJs\\": "src/"
                },
                "classmap": [
                    "src/vierbergenlars/SemVer/internal.php"
                ]
            },
            "notification-url": "https://packagist.org/downloads/",
            "license": [
                "MIT"
            ],
            "authors": [
                {
                    "name": "Lars Vierbergen",
                    "email": "vierbergenlars@gmail.com"
                }
            ],
            "description": "The Semantic Versioner for PHP",
            "keywords": [
                "semantic",
                "semver",
                "versioning"
            ],
            "time": "2017-07-11T09:53:59+00:00"
        }
    ],
    "packages-dev": [],
    "aliases": [],
    "minimum-stability": "dev",
    "stability-flags": {
        "nesk/puphpeteer": 20
    },
    "prefer-stable": false,
    "prefer-lowest": false,
    "platform": {
        "php": ">=7.1",
        "ext-mbstring": "*",
        "ext-json": "*"
    },
    "platform-dev": [],
    "plugin-api-version": "1.1.0"
}
